
Microsoft Visual Studio Solution File, Format Version 12.00
# Visual Studio Version 17
VisualStudioVersion = 17.4.33213.308
MinimumVisualStudioVersion = 10.0.40219.1
Project("{9A19103F-16F7-4668-BE54-9A1E7A4F7556}") = "TrivialCollections.Library", "TrivialCollections.Library\TrivialCollections.Library.csproj", "{F990492B-17A6-4692-BD0C-0194F6E224F5}"
EndProject
Project("{2150E333-8FDC-42A3-9474-1A3956D46DE8}") = "Tests", "Tests", "{E41AB5D1-033E-4CE2-9A5E-9F1D02C8B776}"
EndProject
Project("{9A19103F-16F7-4668-BE54-9A1E7A4F7556}") = "TrivialCollections.Tests", "Tests\TrivialCollections.Tests\TrivialCollections.Tests.csproj", "{69A96806-0767-4BDF-A10C-E7EC3210E632}"
EndProject
Global
	GlobalSection(SolutionConfigurationPlatforms) = preSolution
		Debug|Any CPU = Debug|Any CPU
		Release|Any CPU = Release|Any CPU
	EndGlobalSection
	GlobalSection(ProjectConfigurationPlatforms) = postSolution
		{F990492B-17A6-4692-BD0C-0194F6E224F5}.Debug|Any CPU.ActiveCfg = Debug|Any CPU
		{F990492B-17A6-4692-BD0C-0194F6E224F5}.Debug|Any CPU.Build.0 = Debug|Any CPU
		{F990492B-17A6-4692-BD0C-0194F6E224F5}.Release|Any CPU.ActiveCfg = Release|Any CPU
		{F990492B-17A6-4692-BD0C-0194F6E224F5}.Release|Any CPU.Build.0 = Release|Any CPU
		{69A96806-0767-4BDF-A10C-E7EC3210E632}.Debug|Any CPU.ActiveCfg = Debug|Any CPU
		{69A96806-0767-4BDF-A10C-E7EC3210E632}.Debug|Any CPU.Build.0 = Debug|Any CPU
		{69A96806-0767-4BDF-A10C-E7EC3210E632}.Release|Any CPU.ActiveCfg = Release|Any CPU
		{69A96806-0767-4BDF-A10C-E7EC3210E632}.Release|Any CPU.Build.0 = Release|Any CPU
	EndGlobalSection
	GlobalSection(SolutionProperties) = preSolution
		HideSolutionNode = FALSE
	EndGlobalSection
	GlobalSection(NestedProjects) = preSolution
		{69A96806-0767-4BDF-A10C-E7EC3210E632} = {E41AB5D1-033E-4CE2-9A5E-9F1D02C8B776}
	EndGlobalSection
	GlobalSection(ExtensibilityGlobals) = postSolution
		SolutionGuid = {B97DD179-A68F-4AE4-BF9E-EB7E0E592C92}
	EndGlobalSection
EndGlobal
